PODS:
  - APKYCPod (0.1.0):
    - Onfido
  - Onfido (24.2.0)

DEPENDENCIES:
  - APKYCPod (from `../`)
  - Onfido

SPEC REPOS:
  trunk:
    - Onfido

EXTERNAL SOURCES:
  APKYCPod:
    :path: "../"

SPEC CHECKSUMS:
  APKYCPod: caa7af1f7499e00b084c03d344e1ac88084ad9e2
  Onfido: 5e881be263c88d785784b34c7870f3e3f6f7cf14

PODFILE CHECKSUM: 8e009c73d8ff75ade2459de278628ddbff2a698f

COCOAPODS: 1.11.2
